{
  "version": 4,
  "terraform_version": "0.13.5",
  "serial": 316,
  "lineage": "c1fdd115-5364-fed6-5f1b-2f429b37c129",
  "outputs": {},
  "resources": [
    {
      "mode": "data",
      "type": "vsphere_datacenter",
      "name": "dc",
      "provider": "provider[\"registry.terraform.io/hashicorp/vsphere\"]",
      "instances": [
        {
          "schema_version": 0,
          "attributes": {
            "id": "datacenter-2",
            "name": "ZonmonitoringDC"
          }
        }
      ]
    },
    {
      "mode": "managed",
      "type": "vsphere_folder",
      "name": "Grafana",
      "provider": "provider[\"registry.terraform.io/hashicorp/vsphere\"]",
      "instances": [
        {
          "schema_version": 1,
          "attributes": {
            "custom_attributes": {},
            "datacenter_id": "datacenter-2",
            "id": "group-v2695",
            "path": "Monitoring/AutoDeploy/Grafana",
            "tags": [],
            "type": "vm"
          }
        }
      ]
    },
    {
      "mode": "managed",
      "type": "vsphere_folder",
      "name": "Zabbix",
      "provider": "provider[\"registry.terraform.io/hashicorp/vsphere\"]",
      "instances": [
        {
          "schema_version": 1,
          "attributes": {
            "custom_attributes": {},
            "datacenter_id": "datacenter-2",
            "id": "group-v2696",
            "path": "Monitoring/AutoDeploy/Zabbix",
            "tags": [],
            "type": "vm"
          }
        }
      ]
    },
    {
      "mode": "managed",
      "type": "vsphere_folder",
      "name": "ZabbixProxy",
      "provider": "provider[\"registry.terraform.io/hashicorp/vsphere\"]",
      "instances": [
        {
          "schema_version": 1,
          "attributes": {
            "custom_attributes": {},
            "datacenter_id": "datacenter-2",
            "id": "group-v2697",
            "path": "Monitoring/AutoDeploy/ZabbixProxy",
            "tags": [],
            "type": "vm"
          }
        }
      ]
    },
    {
      "mode": "managed",
      "type": "vsphere_folder",
      "name": "Zabbixdb",
      "provider": "provider[\"registry.terraform.io/hashicorp/vsphere\"]",
      "instances": [
        {
          "schema_version": 1,
          "attributes": {
            "custom_attributes": {},
            "datacenter_id": "datacenter-2",
            "id": "group-v2694",
            "path": "Monitoring/AutoDeploy/Zabbixdb",
            "tags": [],
            "type": "vm"
          }
        }
      ]
    },
    {
      "mode": "managed",
      "type": "vsphere_folder",
      "name": "vRLiNFS",
      "provider": "provider[\"registry.terraform.io/hashicorp/vsphere\"]",
      "instances": [
        {
          "schema_version": 1,
          "attributes": {
            "custom_attributes": {},
            "datacenter_id": "datacenter-2",
            "id": "group-v2698",
            "path": "Monitoring/AutoDeploy/vRLiNFS",
            "tags": [],
            "type": "vm"
          }
        }
      ]
    }
  ]
}
